
Microsoft Visual Studio Solution File, Format Version 12.00
# Visual Studio 15
VisualStudioVersion = 15.0.27130.2027
MinimumVisualStudioVersion = 10.0.40219.1
Project("{8BC9CEB8-8B4A-11D0-8D11-00A0C91BC942}") = "OpenWorldGame", "OpenWorldGame\OpenWorldGame.vcxproj", "{022847BD-3BB8-403E-98C4-04B2C6734608}"
EndProject
Project("{8BC9CEB8-8B4A-11D0-8D11-00A0C91BC942}") = "D3dEngine", "D3dEngine\D3dEngine.vcxproj", "{DF493A51-46AD-4794-85B0-1C3564B3B15F}"
EndProject
Global
	GlobalSection(SolutionConfigurationPlatforms) = preSolution
		Debug|x64 = Debug|x64
		Debug|x86 = Debug|x86
		Release|x64 = Release|x64
		Release|x86 = Release|x86
	EndGlobalSection
	GlobalSection(ProjectConfigurationPlatforms) = postSolution
		{022847BD-3BB8-403E-98C4-04B2C6734608}.Debug|x64.ActiveCfg = Debug|x64
		{022847BD-3BB8-403E-98C4-04B2C6734608}.Debug|x64.Build.0 = Debug|x64
		{022847BD-3BB8-403E-98C4-04B2C6734608}.Debug|x86.ActiveCfg = Debug|Win32
		{022847BD-3BB8-403E-98C4-04B2C6734608}.Debug|x86.Build.0 = Debug|Win32
		{022847BD-3BB8-403E-98C4-04B2C6734608}.Release|x64.ActiveCfg = Release|x64
		{022847BD-3BB8-403E-98C4-04B2C6734608}.Release|x64.Build.0 = Release|x64
		{022847BD-3BB8-403E-98C4-04B2C6734608}.Release|x86.ActiveCfg = Release|Win32
		{022847BD-3BB8-403E-98C4-04B2C6734608}.Release|x86.Build.0 = Release|Win32
		{DF493A51-46AD-4794-85B0-1C3564B3B15F}.Debug|x64.ActiveCfg = Debug|x64
		{DF493A51-46AD-4794-85B0-1C3564B3B15F}.Debug|x64.Build.0 = Debug|x64
		{DF493A51-46AD-4794-85B0-1C3564B3B15F}.Debug|x86.ActiveCfg = Debug|Win32
		{DF493A51-46AD-4794-85B0-1C3564B3B15F}.Debug|x86.Build.0 = Debug|Win32
		{DF493A51-46AD-4794-85B0-1C3564B3B15F}.Release|x64.ActiveCfg = Release|x64
		{DF493A51-46AD-4794-85B0-1C3564B3B15F}.Release|x64.Build.0 = Release|x64
		{DF493A51-46AD-4794-85B0-1C3564B3B15F}.Release|x86.ActiveCfg = Release|Win32
		{DF493A51-46AD-4794-85B0-1C3564B3B15F}.Release|x86.Build.0 = Release|Win32
	EndGlobalSection
	GlobalSection(SolutionProperties) = preSolution
		HideSolutionNode = FALSE
	EndGlobalSection
	GlobalSection(ExtensibilityGlobals) = postSolution
		SolutionGuid = {5DBA2D15-A3AA-45C9-8015-0B0735B3872D}
	EndGlobalSection
	GlobalSection(TeamFoundationVersionControl) = preSolution
		SccNumberOfProjects = 3
		SccEnterpriseProvider = {4CA58AB2-18FA-4F8D-95D4-32DDF27D184C}
		SccTeamFoundationServer = https://kylebc.visualstudio.com/
		SccLocalPath0 = .
		SccProjectUniqueName1 = OpenWorldGame\\OpenWorldGame.vcxproj
		SccProjectName1 = OpenWorldGame
		SccLocalPath1 = OpenWorldGame
		SccProjectUniqueName2 = D3dEngine\\D3dEngine.vcxproj
		SccProjectName2 = D3dEngine
		SccLocalPath2 = D3dEngine
	EndGlobalSection
EndGlobal
