<?xml version="1.0" encoding="utf-8"?>
<Project ToolsVersion="4.0" xmlns="http://schemas.microsoft.com/developer/msbuild/2003">
  <ItemGroup>
    <Filter Include="Source Files">
      <UniqueIdentifier>{4FC737F1-C7A5-4376-A066-2A32D752A2FF}</UniqueIdentifier>
      <Extensions>cpp;c;cc;cxx;def;odl;idl;hpj;bat;asm;asmx</Extensions>
    </Filter>
    <Filter Include="Header Files">
      <UniqueIdentifier>{93995380-89BD-4b04-88EB-625FBE52EBFB}</UniqueIdentifier>
      <Extensions>h;hh;hpp;hxx;hm;inl;inc;xsd</Extensions>
    </Filter>
    <Filter Include="Resource Files">
      <UniqueIdentifier>{67DA6AB6-F800-4c08-8B7A-83BB121AAD01}</UniqueIdentifier>
      <Extensions>rc;ico;cur;bmp;dlg;rc2;rct;bin;rgs;gif;jpg;jpeg;jpe;resx;tiff;tif;png;wav;mfcribbon-ms</Extensions>
    </Filter>
    <Filter Include="Source Files\Renderers">
      <UniqueIdentifier>{f93e5799-f9c7-4b77-9e2c-779409990a40}</UniqueIdentifier>
    </Filter>
    <Filter Include="Source Files\Renderers\Manager">
      <UniqueIdentifier>{294a07e8-9271-4479-8a4d-2d9c91162e50}</UniqueIdentifier>
    </Filter>
    <Filter Include="Source Files\Nodes">
      <UniqueIdentifier>{88059a6b-51e0-46bc-819c-121333eeba51}</UniqueIdentifier>
    </Filter>
    <Filter Include="Source Files\Components">
      <UniqueIdentifier>{5e060aa0-b8af-482b-8ba5-68bd458eeb7c}</UniqueIdentifier>
    </Filter>
    <Filter Include="Source Files\Components\Player">
      <UniqueIdentifier>{edac7982-9520-4e2c-b295-e56a3140df1c}</UniqueIdentifier>
    </Filter>
    <Filter Include="Source Files\Components\Enemy">
      <UniqueIdentifier>{b29eb9fc-69ad-485f-8928-f9b47ccad264}</UniqueIdentifier>
    </Filter>
    <Filter Include="Source Files\Components\Common">
      <UniqueIdentifier>{2032679b-8944-4722-b15e-a1a56a1e6840}</UniqueIdentifier>
    </Filter>
  </ItemGroup>
  <ItemGroup>
    <ClCompile Include="Main.cpp">
      <Filter>Source Files</Filter>
    </ClCompile>
    <ClCompile Include="GameRendererManager.cpp">
      <Filter>Source Files\Renderers\Manager</Filter>
    </ClCompile>
    <ClCompile Include="TestRenderer.cpp">
      <Filter>Source Files\Renderers</Filter>
    </ClCompile>
    <ClCompile Include="PlayerNode.cpp">
      <Filter>Source Files\Nodes</Filter>
    </ClCompile>
    <ClCompile Include="PlayerCameraNode.cpp">
      <Filter>Source Files\Nodes</Filter>
    </ClCompile>
    <ClCompile Include="TerrainNode.cpp">
      <Filter>Source Files\Nodes</Filter>
    </ClCompile>
    <ClCompile Include="EnemyNode.cpp">
      <Filter>Source Files\Nodes</Filter>
    </ClCompile>
    <ClCompile Include="AttackComponent.cpp">
      <Filter>Source Files\Components\Player</Filter>
    </ClCompile>
    <ClCompile Include="PathFinderComponent.cpp">
      <Filter>Source Files\Components\Enemy</Filter>
    </ClCompile>
    <ClCompile Include="LifeComponent.cpp">
      <Filter>Source Files\Components\Common</Filter>
    </ClCompile>
  </ItemGroup>
  <ItemGroup>
    <None Include="packages.config" />
    <None Include="ClassDiagram.cd" />
  </ItemGroup>
  <ItemGroup>
    <FxCompile Include="PlayerVertexShader.hlsl">
      <Filter>Resource Files</Filter>
    </FxCompile>
    <FxCompile Include="TerrainVertexShader.hlsl">
      <Filter>Resource Files</Filter>
    </FxCompile>
    <FxCompile Include="PlayerPixelShader.hlsl">
      <Filter>Resource Files</Filter>
    </FxCompile>
    <FxCompile Include="TerrainPixelShader.hlsl">
      <Filter>Resource Files</Filter>
    </FxCompile>
  </ItemGroup>
  <ItemGroup>
    <ClInclude Include="GameRendererManager.h">
      <Filter>Source Files\Renderers\Manager</Filter>
    </ClInclude>
    <ClInclude Include="TestRenderer.h">
      <Filter>Source Files\Renderers</Filter>
    </ClInclude>
    <ClInclude Include="PlayerNode.h">
      <Filter>Source Files\Nodes</Filter>
    </ClInclude>
    <ClInclude Include="PlayerCameraNode.h">
      <Filter>Source Files\Nodes</Filter>
    </ClInclude>
    <ClInclude Include="TerrainNode.h">
      <Filter>Source Files\Nodes</Filter>
    </ClInclude>
    <ClInclude Include="EnemyNode.h">
      <Filter>Source Files\Nodes</Filter>
    </ClInclude>
    <ClInclude Include="AttackComponent.h">
      <Filter>Source Files\Components\Player</Filter>
    </ClInclude>
    <ClInclude Include="PathFinderComponent.h">
      <Filter>Source Files\Components\Enemy</Filter>
    </ClInclude>
    <ClInclude Include="LifeComponent.h">
      <Filter>Source Files\Components\Common</Filter>
    </ClInclude>
  </ItemGroup>
</Project>